
Microsoft Visual Studio Solution File, Format Version 12.00
# Visual Studio 2012
Project("{FAE04EC0-301F-11D3-BF4B-00C04F79EFBC}") = "Agenda", "Agenda\Agenda.csproj", "{E6732D98-24FA-4B90-BEB5-7A3724F6211E}"
EndProject
Project("{FAE04EC0-301F-11D3-BF4B-00C04F79EFBC}") = "Agenda.iOS", "iOS\Agenda.iOS.csproj", "{35E2FCE9-06A6-4AC6-94B2-DE2B6E195869}"
EndProject
Project("{FAE04EC0-301F-11D3-BF4B-00C04F79EFBC}") = "Agenda.Droid", "Droid\Agenda.Droid.csproj", "{77F65948-C029-489B-810F-3AB241788F66}"
EndProject
Global
	GlobalSection(SolutionConfigurationPlatforms) = preSolution
		Debug|Any CPU = Debug|Any CPU
		Release|Any CPU = Release|Any CPU
		Debug|iPhoneSimulator = Debug|iPhoneSimulator
		Release|iPhone = Release|iPhone
		Release|iPhoneSimulator = Release|iPhoneSimulator
		Debug|iPhone = Debug|iPhone
	EndGlobalSection
	GlobalSection(ProjectConfigurationPlatforms) = postSolution
		{E6732D98-24FA-4B90-BEB5-7A3724F6211E}.Debug|Any CPU.ActiveCfg = Debug|Any CPU
		{E6732D98-24FA-4B90-BEB5-7A3724F6211E}.Debug|Any CPU.Build.0 = Debug|Any CPU
		{E6732D98-24FA-4B90-BEB5-7A3724F6211E}.Release|Any CPU.ActiveCfg = Release|Any CPU
		{E6732D98-24FA-4B90-BEB5-7A3724F6211E}.Release|Any CPU.Build.0 = Release|Any CPU
		{E6732D98-24FA-4B90-BEB5-7A3724F6211E}.Debug|iPhoneSimulator.ActiveCfg = Debug|Any CPU
		{E6732D98-24FA-4B90-BEB5-7A3724F6211E}.Debug|iPhoneSimulator.Build.0 = Debug|Any CPU
		{E6732D98-24FA-4B90-BEB5-7A3724F6211E}.Release|iPhone.ActiveCfg = Release|Any CPU
		{E6732D98-24FA-4B90-BEB5-7A3724F6211E}.Release|iPhone.Build.0 = Release|Any CPU
		{E6732D98-24FA-4B90-BEB5-7A3724F6211E}.Release|iPhoneSimulator.ActiveCfg = Release|Any CPU
		{E6732D98-24FA-4B90-BEB5-7A3724F6211E}.Release|iPhoneSimulator.Build.0 = Release|Any CPU
		{E6732D98-24FA-4B90-BEB5-7A3724F6211E}.Debug|iPhone.ActiveCfg = Debug|Any CPU
		{E6732D98-24FA-4B90-BEB5-7A3724F6211E}.Debug|iPhone.Build.0 = Debug|Any CPU
		{35E2FCE9-06A6-4AC6-94B2-DE2B6E195869}.Debug|Any CPU.ActiveCfg = Debug|iPhoneSimulator
		{35E2FCE9-06A6-4AC6-94B2-DE2B6E195869}.Debug|Any CPU.Build.0 = Debug|iPhoneSimulator
		{35E2FCE9-06A6-4AC6-94B2-DE2B6E195869}.Release|Any CPU.ActiveCfg = Release|iPhone
		{35E2FCE9-06A6-4AC6-94B2-DE2B6E195869}.Release|Any CPU.Build.0 = Release|iPhone
		{35E2FCE9-06A6-4AC6-94B2-DE2B6E195869}.Debug|iPhoneSimulator.ActiveCfg = Debug|iPhoneSimulator
		{35E2FCE9-06A6-4AC6-94B2-DE2B6E195869}.Debug|iPhoneSimulator.Build.0 = Debug|iPhoneSimulator
		{35E2FCE9-06A6-4AC6-94B2-DE2B6E195869}.Release|iPhone.ActiveCfg = Release|iPhone
		{35E2FCE9-06A6-4AC6-94B2-DE2B6E195869}.Release|iPhone.Build.0 = Release|iPhone
		{35E2FCE9-06A6-4AC6-94B2-DE2B6E195869}.Release|iPhoneSimulator.ActiveCfg = Release|iPhoneSimulator
		{35E2FCE9-06A6-4AC6-94B2-DE2B6E195869}.Release|iPhoneSimulator.Build.0 = Release|iPhoneSimulator
		{35E2FCE9-06A6-4AC6-94B2-DE2B6E195869}.Debug|iPhone.ActiveCfg = Debug|iPhone
		{35E2FCE9-06A6-4AC6-94B2-DE2B6E195869}.Debug|iPhone.Build.0 = Debug|iPhone
		{77F65948-C029-489B-810F-3AB241788F66}.Debug|Any CPU.ActiveCfg = Debug|Any CPU
		{77F65948-C029-489B-810F-3AB241788F66}.Debug|Any CPU.Build.0 = Debug|Any CPU
		{77F65948-C029-489B-810F-3AB241788F66}.Release|Any CPU.ActiveCfg = Release|Any CPU
		{77F65948-C029-489B-810F-3AB241788F66}.Release|Any CPU.Build.0 = Release|Any CPU
		{77F65948-C029-489B-810F-3AB241788F66}.Debug|iPhoneSimulator.ActiveCfg = Debug|Any CPU
		{77F65948-C029-489B-810F-3AB241788F66}.Debug|iPhoneSimulator.Build.0 = Debug|Any CPU
		{77F65948-C029-489B-810F-3AB241788F66}.Release|iPhone.ActiveCfg = Release|Any CPU
		{77F65948-C029-489B-810F-3AB241788F66}.Release|iPhone.Build.0 = Release|Any CPU
		{77F65948-C029-489B-810F-3AB241788F66}.Release|iPhoneSimulator.ActiveCfg = Release|Any CPU
		{77F65948-C029-489B-810F-3AB241788F66}.Release|iPhoneSimulator.Build.0 = Release|Any CPU
		{77F65948-C029-489B-810F-3AB241788F66}.Debug|iPhone.ActiveCfg = Debug|Any CPU
		{77F65948-C029-489B-810F-3AB241788F66}.Debug|iPhone.Build.0 = Debug|Any CPU
	EndGlobalSection
EndGlobal
